
Microsoft Visual Studio Solution File, Format Version 12.00
# Visual Studio Version 16
VisualStudioVersion = 16.0.29709.97
MinimumVisualStudioVersion = 10.0.40219.1
Project("{FAE04EC0-301F-11D3-BF4B-00C04F79EFBC}") = "Orbit", "Orbit\Orbit.csproj", "{F1C5AA24-81DE-4426-9835-CAB7CF42C4B4}"
EndProject
Project("{FAE04EC0-301F-11D3-BF4B-00C04F79EFBC}") = "OrbitLib", "OrbitLib\OrbitLib.csproj", "{8CFB375E-A34F-4F31-9D59-8DC2DC25A986}"
EndProject
Global
	GlobalSection(SolutionConfigurationPlatforms) = preSolution
		Debug|Any CPU = Debug|Any CPU
		Release|Any CPU = Release|Any CPU
	EndGlobalSection
	GlobalSection(ProjectConfigurationPlatforms) = postSolution
		{F1C5AA24-81DE-4426-9835-CAB7CF42C4B4}.Debug|Any CPU.ActiveCfg = Debug|Any CPU
		{F1C5AA24-81DE-4426-9835-CAB7CF42C4B4}.Debug|Any CPU.Build.0 = Debug|Any CPU
		{F1C5AA24-81DE-4426-9835-CAB7CF42C4B4}.Release|Any CPU.ActiveCfg = Release|Any CPU
		{F1C5AA24-81DE-4426-9835-CAB7CF42C4B4}.Release|Any CPU.Build.0 = Release|Any CPU
		{8CFB375E-A34F-4F31-9D59-8DC2DC25A986}.Debug|Any CPU.ActiveCfg = Debug|Any CPU
		{8CFB375E-A34F-4F31-9D59-8DC2DC25A986}.Debug|Any CPU.Build.0 = Debug|Any CPU
		{8CFB375E-A34F-4F31-9D59-8DC2DC25A986}.Release|Any CPU.ActiveCfg = Release|Any CPU
		{8CFB375E-A34F-4F31-9D59-8DC2DC25A986}.Release|Any CPU.Build.0 = Release|Any CPU
	EndGlobalSection
	GlobalSection(SolutionProperties) = preSolution
		HideSolutionNode = FALSE
	EndGlobalSection
	GlobalSection(ExtensibilityGlobals) = postSolution
		SolutionGuid = {EB9CBABB-9C92-4CAB-A9E8-A271F7EDA1D4}
	EndGlobalSection
EndGlobal
